// !$*UTF8*$!
{
	archiveVersion = 1;
	classes = {
	};
	objectVersion = 48;
	objects = {

/* Begin PBXBuildFile section */
		A46445782282548A00662547 /* UIHelper.swift in Sources */ = {isa = PBXBuildFile; fileRef = A46445772282548A00662547 /* UIHelper.swift */; };
		A464457A2282B99100662547 /* RoverView.swift in Sources */ = {isa = PBXBuildFile; fileRef = A46445792282B99100662547 /* RoverView.swift */; };
		A4789C3B227EC35D00614637 /* AppDelegate.swift in Sources */ = {isa = PBXBuildFile; fileRef = A4789C3A227EC35D00614637 /* AppDelegate.swift */; };
		A4789C3D227EC35D00614637 /* ViewController.swift in Sources */ = {isa = PBXBuildFile; fileRef = A4789C3C227EC35D00614637 /* ViewController.swift */; };
		A4789C40227EC35D00614637 /* Main.storyboard in Resources */ = {isa = PBXBuildFile; fileRef = A4789C3E227EC35D00614637 /* Main.storyboard */; };
		A4789C42227EC35D00614637 /* Assets.xcassets in Resources */ = {isa = PBXBuildFile; fileRef = A4789C41227EC35D00614637 /* Assets.xcassets */; };
		A4789C45227EC35D00614637 /* LaunchScreen.storyboard in Resources */ = {isa = PBXBuildFile; fileRef = A4789C43227EC35D00614637 /* LaunchScreen.storyboard */; };
		A4789C50227EC35D00614637 /* Mars_RoverTests.swift in Sources */ = {isa = PBXBuildFile; fileRef = A4789C4F227EC35D00614637 /* Mars_RoverTests.swift */; };
		A4789C5C227EC3DF00614637 /* Rover.swift in Sources */ = {isa = PBXBuildFile; fileRef = A4789C5B227EC3DF00614637 /* Rover.swift */; };
		A4789C5E227EC3F200614637 /* Position.swift in Sources */ = {isa = PBXBuildFile; fileRef = A4789C5D227EC3F200614637 /* Position.swift */; };
		A4789C60227EC40300614637 /* Coordinate.swift in Sources */ = {isa = PBXBuildFile; fileRef = A4789C5F227EC40300614637 /* Coordinate.swift */; };
		A4789C62227EC44600614637 /* Heading.swift in Sources */ = {isa = PBXBuildFile; fileRef = A4789C61227EC44600614637 /* Heading.swift */; };
		A4789C64227EC53600614637 /* Action.swift in Sources */ = {isa = PBXBuildFile; fileRef = A4789C63227EC53600614637 /* Action.swift */; };
		A4789C66227EDD0D00614637 /* Site.swift in Sources */ = {isa = PBXBuildFile; fileRef = A4789C65227EDD0D00614637 /* Site.swift */; };
		A484E93D228039A500FBC66A /* AddRoverViewController.swift in Sources */ = {isa = PBXBuildFile; fileRef = A484E93C228039A500FBC66A /* AddRoverViewController.swift */; };
/* End PBXBuildFile section */

/* Begin PBXContainerItemProxy section */
		A4789C4C227EC35D00614637 /* PBXContainerItemProxy */ = {
			isa = PBXContainerItemProxy;
			containerPortal = A4789C2F227EC35D00614637 /* Project object */;
			proxyType = 1;
			remoteGlobalIDString = A4789C36227EC35D00614637;
			remoteInfo = "Mars Rover";
		};
/* End PBXContainerItemProxy section */

/* Begin PBXFileReference section */
		A46445772282548A00662547 /* UIHelper.swift */ = {isa = PBXFileReference; lastKnownFileType = sourcecode.swift; path = UIHelper.swift; sourceTree = "<group>"; };
		A46445792282B99100662547 /* RoverView.swift */ = {isa = PBXFileReference; lastKnownFileType = sourcecode.swift; path = RoverView.swift; sourceTree = "<group>"; };
		A4789C37227EC35D00614637 /* Mars Rover.app */ = {isa = PBXFileReference; explicitFileType = wrapper.application; includeInIndex = 0; path = "Mars Rover.app"; sourceTree = BUILT_PRODUCTS_DIR; };
		A4789C3A227EC35D00614637 /* AppDelegate.swift */ = {isa = PBXFileReference; lastKnownFileType = sourcecode.swift; path = AppDelegate.swift; sourceTree = "<group>"; };
		A4789C3C227EC35D00614637 /* ViewController.swift */ = {isa = PBXFileReference; lastKnownFileType = sourcecode.swift; path = ViewController.swift; sourceTree = "<group>"; };
		A4789C3F227EC35D00614637 /* Base */ = {isa = PBXFileReference; lastKnownFileType = file.storyboard; name = Base; path = Base.lproj/Main.storyboard; sourceTree = "<group>"; };
		A4789C41227EC35D00614637 /* Assets.xcassets */ = {isa = PBXFileReference; lastKnownFileType = folder.assetcatalog; path = Assets.xcassets; sourceTree = "<group>"; };
		A4789C44227EC35D00614637 /* Base */ = {isa = PBXFileReference; lastKnownFileType = file.storyboard; name = Base; path = Base.lproj/LaunchScreen.storyboard; sourceTree = "<group>"; };
		A4789C46227EC35D00614637 /* Info.plist */ = {isa = PBXFileReference; lastKnownFileType = text.plist.xml; path = Info.plist; sourceTree = "<group>"; };
		A4789C4B227EC35D00614637 /* Mars RoverTests.xctest */ = {isa = PBXFileReference; explicitFileType = wrapper.cfbundle; includeInIndex = 0; path = "Mars RoverTests.xctest"; sourceTree = BUILT_PRODUCTS_DIR; };
		A4789C4F227EC35D00614637 /* Mars_RoverTests.swift */ = {isa = PBXFileReference; lastKnownFileType = sourcecode.swift; path = Mars_RoverTests.swift; sourceTree = "<group>"; };
		A4789C51227EC35D00614637 /* Info.plist */ = {isa = PBXFileReference; lastKnownFileType = text.plist.xml; path = Info.plist; sourceTree = "<group>"; };
		A4789C5B227EC3DF00614637 /* Rover.swift */ = {isa = PBXFileReference; fileEncoding = 4; lastKnownFileType = sourcecode.swift; path = Rover.swift; sourceTree = "<group>"; };
		A4789C5D227EC3F200614637 /* Position.swift */ = {isa = PBXFileReference; fileEncoding = 4; lastKnownFileType = sourcecode.swift; path = Position.swift; sourceTree = "<group>"; };
		A4789C5F227EC40300614637 /* Coordinate.swift */ = {isa = PBXFileReference; fileEncoding = 4; lastKnownFileType = sourcecode.swift; path = Coordinate.swift; sourceTree = "<group>"; };
		A4789C61227EC44600614637 /* Heading.swift */ = {isa = PBXFileReference; fileEncoding = 4; lastKnownFileType = sourcecode.swift; path = Heading.swift; sourceTree = "<group>"; };
		A4789C63227EC53600614637 /* Action.swift */ = {isa = PBXFileReference; fileEncoding = 4; lastKnownFileType = sourcecode.swift; path = Action.swift; sourceTree = "<group>"; };
		A4789C65227EDD0D00614637 /* Site.swift */ = {isa = PBXFileReference; fileEncoding = 4; lastKnownFileType = sourcecode.swift; path = Site.swift; sourceTree = "<group>"; };
		A484E93C228039A500FBC66A /* AddRoverViewController.swift */ = {isa = PBXFileReference; lastKnownFileType = sourcecode.swift; path = AddRoverViewController.swift; sourceTree = "<group>"; };
/* End PBXFileReference section */

/* Begin PBXFrameworksBuildPhase section */
		A4789C34227EC35D00614637 /* Frameworks */ = {
			isa = PBXFrameworksBuildPhase;
			buildActionMask = 2147483647;
			files = (
			);
			runOnlyForDeploymentPostprocessing = 0;
		};
		A4789C48227EC35D00614637 /* Frameworks */ = {
			isa = PBXFrameworksBuildPhase;
			buildActionMask = 2147483647;
			files = (
			);
			runOnlyForDeploymentPostprocessing = 0;
		};
/* End PBXFrameworksBuildPhase section */

/* Begin PBXGroup section */
		A4789C2E227EC35D00614637 = {
			isa = PBXGroup;
			children = (
				A4789C39227EC35D00614637 /* Mars Rover */,
				A4789C4E227EC35D00614637 /* Mars RoverTests */,
				A4789C38227EC35D00614637 /* Products */,
			);
			sourceTree = "<group>";
		};
		A4789C38227EC35D00614637 /* Products */ = {
			isa = PBXGroup;
			children = (
				A4789C37227EC35D00614637 /* Mars Rover.app */,
				A4789C4B227EC35D00614637 /* Mars RoverTests.xctest */,
			);
			name = Products;
			sourceTree = "<group>";
		};
		A4789C39227EC35D00614637 /* Mars Rover */ = {
			isa = PBXGroup;
			children = (
				A484E93E22803E6900FBC66A /* Controller */,
				A4789C5A227EC3C500614637 /* Model */,
				A4789C3A227EC35D00614637 /* AppDelegate.swift */,
				A4789C3E227EC35D00614637 /* Main.storyboard */,
				A4789C41227EC35D00614637 /* Assets.xcassets */,
				A4789C43227EC35D00614637 /* LaunchScreen.storyboard */,
				A4789C46227EC35D00614637 /* Info.plist */,
				A46445792282B99100662547 /* RoverView.swift */,
			);
			path = "Mars Rover";
			sourceTree = "<group>";
		};
		A4789C4E227EC35D00614637 /* Mars RoverTests */ = {
			isa = PBXGroup;
			children = (
				A4789C4F227EC35D00614637 /* Mars_RoverTests.swift */,
				A4789C51227EC35D00614637 /* Info.plist */,
			);
			path = "Mars RoverTests";
			sourceTree = "<group>";
		};
		A4789C5A227EC3C500614637 /* Model */ = {
			isa = PBXGroup;
			children = (
				A4789C5B227EC3DF00614637 /* Rover.swift */,
				A4789C5D227EC3F200614637 /* Position.swift */,
				A4789C5F227EC40300614637 /* Coordinate.swift */,
				A4789C61227EC44600614637 /* Heading.swift */,
				A4789C63227EC53600614637 /* Action.swift */,
				A4789C65227EDD0D00614637 /* Site.swift */,
			);
			path = Model;
			sourceTree = "<group>";
		};
		A484E93E22803E6900FBC66A /* Controller */ = {
			isa = PBXGroup;
			children = (
				A4789C3C227EC35D00614637 /* ViewController.swift */,
				A484E93C228039A500FBC66A /* AddRoverViewController.swift */,
				A46445772282548A00662547 /* UIHelper.swift */,
			);
			path = Controller;
			sourceTree = "<group>";
		};
/* End PBXGroup section */

/* Begin PBXNativeTarget section */
		A4789C36227EC35D00614637 /* Mars Rover */ = {
			isa = PBXNativeTarget;
			buildConfigurationList = A4789C54227EC35D00614637 /* Build configuration list for PBXNativeTarget "Mars Rover" */;
			buildPhases = (
				A4789C33227EC35D00614637 /* Sources */,
				A4789C34227EC35D00614637 /* Frameworks */,
				A4789C35227EC35D00614637 /* Resources */,
			);
			buildRules = (
			);
			dependencies = (
			);
			name = "Mars Rover";
			productName = "Mars Rover";
			productReference = A4789C37227EC35D00614637 /* Mars Rover.app */;
			productType = "com.apple.product-type.application";
		};
		A4789C4A227EC35D00614637 /* Mars RoverTests */ = {
			isa = PBXNativeTarget;
			buildConfigurationList = A4789C57227EC35D00614637 /* Build configuration list for PBXNativeTarget "Mars RoverTests" */;
			buildPhases = (
				A4789C47227EC35D00614637 /* Sources */,
				A4789C48227EC35D00614637 /* Frameworks */,
				A4789C49227EC35D00614637 /* Resources */,
			);
			buildRules = (
			);
			dependencies = (
				A4789C4D227EC35D00614637 /* PBXTargetDependency */,
			);
			name = "Mars RoverTests";
			productName = "Mars RoverTests";
			productReference = A4789C4B227EC35D00614637 /* Mars RoverTests.xctest */;
			productType = "com.apple.product-type.bundle.unit-test";
		};
/* End PBXNativeTarget section */

/* Begin PBXProject section */
		A4789C2F227EC35D00614637 /* Project object */ = {
			isa = PBXProject;
			attributes = {
				LastSwiftUpdateCheck = 0920;
				LastUpgradeCheck = 0920;
				TargetAttributes = {
					A4789C36227EC35D00614637 = {
						CreatedOnToolsVersion = 9.2;
						ProvisioningStyle = Automatic;
					};
					A4789C4A227EC35D00614637 = {
						CreatedOnToolsVersion = 9.2;
						ProvisioningStyle = Automatic;
						TestTargetID = A4789C36227EC35D00614637;
					};
				};
			};
			buildConfigurationList = A4789C32227EC35D00614637 /* Build configuration list for PBXProject "Mars Rover" */;
			compatibilityVersion = "Xcode 8.0";
			developmentRegion = en;
			hasScannedForEncodings = 0;
			knownRegions = (
				en,
				Base,
			);
			mainGroup = A4789C2E227EC35D00614637;
			productRefGroup = A4789C38227EC35D00614637 /* Products */;
			projectDirPath = "";
			projectRoot = "";
			targets = (
				A4789C36227EC35D00614637 /* Mars Rover */,
				A4789C4A227EC35D00614637 /* Mars RoverTests */,
			);
		};
/* End PBXProject section */

/* Begin PBXResourcesBuildPhase section */
		A4789C35227EC35D00614637 /* Resources */ = {
			isa = PBXResourcesBuildPhase;
			buildActionMask = 2147483647;
			files = (
				A4789C45227EC35D00614637 /* LaunchScreen.storyboard in Resources */,
				A4789C42227EC35D00614637 /* Assets.xcassets in Resources */,
				A4789C40227EC35D00614637 /* Main.storyboard in Resources */,
			);
			runOnlyForDeploymentPostprocessing = 0;
		};
		A4789C49227EC35D00614637 /* Resources */ = {
			isa = PBXResourcesBuildPhase;
			buildActionMask = 2147483647;
			files = (
			);
			runOnlyForDeploymentPostprocessing = 0;
		};
/* End PBXResourcesBuildPhase section */

/* Begin PBXSourcesBuildPhase section */
		A4789C33227EC35D00614637 /* Sources */ = {
			isa = PBXSourcesBuildPhase;
			buildActionMask = 2147483647;
			files = (
				A4789C62227EC44600614637 /* Heading.swift in Sources */,
				A4789C3D227EC35D00614637 /* ViewController.swift in Sources */,
				A464457A2282B99100662547 /* RoverView.swift in Sources */,
				A4789C66227EDD0D00614637 /* Site.swift in Sources */,
				A46445782282548A00662547 /* UIHelper.swift in Sources */,
				A4789C3B227EC35D00614637 /* AppDelegate.swift in Sources */,
				A4789C5E227EC3F200614637 /* Position.swift in Sources */,
				A4789C64227EC53600614637 /* Action.swift in Sources */,
				A4789C5C227EC3DF00614637 /* Rover.swift in Sources */,
				A484E93D228039A500FBC66A /* AddRoverViewController.swift in Sources */,
				A4789C60227EC40300614637 /* Coordinate.swift in Sources */,
			);
			runOnlyForDeploymentPostprocessing = 0;
		};
		A4789C47227EC35D00614637 /* Sources */ = {
			isa = PBXSourcesBuildPhase;
			buildActionMask = 2147483647;
			files = (
				A4789C50227EC35D00614637 /* Mars_RoverTests.swift in Sources */,
			);
			runOnlyForDeploymentPostprocessing = 0;
		};
/* End PBXSourcesBuildPhase section */

/* Begin PBXTargetDependency section */
		A4789C4D227EC35D00614637 /* PBXTargetDependency */ = {
			isa = PBXTargetDependency;
			target = A4789C36227EC35D00614637 /* Mars Rover */;
			targetProxy = A4789C4C227EC35D00614637 /* PBXContainerItemProxy */;
		};
/* End PBXTargetDependency section */

/* Begin PBXVariantGroup section */
		A4789C3E227EC35D00614637 /* Main.storyboard */ = {
			isa = PBXVariantGroup;
			children = (
				A4789C3F227EC35D00614637 /* Base */,
			);
			name = Main.storyboard;
			sourceTree = "<group>";
		};
		A4789C43227EC35D00614637 /* LaunchScreen.storyboard */ = {
			isa = PBXVariantGroup;
			children = (
				A4789C44227EC35D00614637 /* Base */,
			);
			name = LaunchScreen.storyboard;
			sourceTree = "<group>";
		};
/* End PBXVariantGroup section */

/* Begin XCBuildConfiguration section */
		A4789C52227EC35D00614637 /* Debug */ = {
			isa = XCBuildConfiguration;
			buildSettings = {
				ALWAYS_SEARCH_USER_PATHS = NO;
				CLANG_ANALYZER_NONNULL = YES;
				CLANG_ANALYZER_NUMBER_OBJECT_CONVERSION = YES_AGGRESSIVE;
				CLANG_CXX_LANGUAGE_STANDARD = "gnu++14";
				CLANG_CXX_LIBRARY = "libc++";
				CLANG_ENABLE_MODULES = YES;
				CLANG_ENABLE_OBJC_ARC = YES;
				CLANG_WARN_BLOCK_CAPTURE_AUTORELEASING = YES;
				CLANG_WARN_BOOL_CONVERSION = YES;
				CLANG_WARN_COMMA = YES;
				CLANG_WARN_CONSTANT_CONVERSION = YES;
				CLANG_WARN_DIRECT_OBJC_ISA_USAGE = YES_ERROR;
				CLANG_WARN_DOCUMENTATION_COMMENTS = YES;
				CLANG_WARN_EMPTY_BODY = YES;
				CLANG_WARN_ENUM_CONVERSION = YES;
				CLANG_WARN_INFINITE_RECURSION = YES;
				CLANG_WARN_INT_CONVERSION = YES;
				CLANG_WARN_NON_LITERAL_NULL_CONVERSION = YES;
				CLANG_WARN_OBJC_LITERAL_CONVERSION = YES;
				CLANG_WARN_OBJC_ROOT_CLASS = YES_ERROR;
				CLANG_WARN_RANGE_LOOP_ANALYSIS = YES;
				CLANG_WARN_STRICT_PROTOTYPES = YES;
				CLANG_WARN_SUSPICIOUS_MOVE = YES;
				CLANG_WARN_UNGUARDED_AVAILABILITY = YES_AGGRESSIVE;
				CLANG_WARN_UNREACHABLE_CODE = YES;
				CLANG_WARN__DUPLICATE_METHOD_MATCH = YES;
				CODE_SIGN_IDENTITY = "iPhone Developer";
				COPY_PHASE_STRIP = NO;
				DEBUG_INFORMATION_FORMAT = dwarf;
				ENABLE_STRICT_OBJC_MSGSEND = YES;
				ENABLE_TESTABILITY = YES;
				GCC_C_LANGUAGE_STANDARD = gnu11;
				GCC_DYNAMIC_NO_PIC = NO;
				GCC_NO_COMMON_BLOCKS = YES;
				GCC_OPTIMIZATION_LEVEL = 0;
				GCC_PREPROCESSOR_DEFINITIONS = (
					"DEBUG=1",
					"$(inherited)",
				);
				GCC_WARN_64_TO_32_BIT_CONVERSION = YES;
				GCC_WARN_ABOUT_RETURN_TYPE = YES_ERROR;
				GCC_WARN_UNDECLARED_SELECTOR = YES;
				GCC_WARN_UNINITIALIZED_AUTOS = YES_AGGRESSIVE;
				GCC_WARN_UNUSED_FUNCTION = YES;
				GCC_WARN_UNUSED_VARIABLE = YES;
				IPHONEOS_DEPLOYMENT_TARGET = 11.2;
				MTL_ENABLE_DEBUG_INFO = YES;
				ONLY_ACTIVE_ARCH = YES;
				SDKROOT = iphoneos;
				SWIFT_ACTIVE_COMPILATION_CONDITIONS = DEBUG;
				SWIFT_OPTIMIZATION_LEVEL = "-Onone";
			};
			name = Debug;
		};
		A4789C53227EC35D00614637 /* Release */ = {
			isa = XCBuildConfiguration;
			buildSettings = {
				ALWAYS_SEARCH_USER_PATHS = NO;
				CLANG_ANALYZER_NONNULL = YES;
				CLANG_ANALYZER_NUMBER_OBJECT_CONVERSION = YES_AGGRESSIVE;
				CLANG_CXX_LANGUAGE_STANDARD = "gnu++14";
				CLANG_CXX_LIBRARY = "libc++";
				CLANG_ENABLE_MODULES = YES;
				CLANG_ENABLE_OBJC_ARC = YES;
				CLANG_WARN_BLOCK_CAPTURE_AUTORELEASING = YES;
				CLANG_WARN_BOOL_CONVERSION = YES;
				CLANG_WARN_COMMA = YES;
				CLANG_WARN_CONSTANT_CONVERSION = YES;
				CLANG_WARN_DIRECT_OBJC_ISA_USAGE = YES_ERROR;
				CLANG_WARN_DOCUMENTATION_COMMENTS = YES;
				CLANG_WARN_EMPTY_BODY = YES;
				CLANG_WARN_ENUM_CONVERSION = YES;
				CLANG_WARN_INFINITE_RECURSION = YES;
				CLANG_WARN_INT_CONVERSION = YES;
				CLANG_WARN_NON_LITERAL_NULL_CONVERSION = YES;
				CLANG_WARN_OBJC_LITERAL_CONVERSION = YES;
				CLANG_WARN_OBJC_ROOT_CLASS = YES_ERROR;
				CLANG_WARN_RANGE_LOOP_ANALYSIS = YES;
				CLANG_WARN_STRICT_PROTOTYPES = YES;
				CLANG_WARN_SUSPICIOUS_MOVE = YES;
				CLANG_WARN_UNGUARDED_AVAILABILITY = YES_AGGRESSIVE;
				CLANG_WARN_UNREACHABLE_CODE = YES;
				CLANG_WARN__DUPLICATE_METHOD_MATCH = YES;
				CODE_SIGN_IDENTITY = "iPhone Developer";
				COPY_PHASE_STRIP = NO;
				DEBUG_INFORMATION_FORMAT = "dwarf-with-dsym";
				ENABLE_NS_ASSERTIONS = NO;
				ENABLE_STRICT_OBJC_MSGSEND = YES;
				GCC_C_LANGUAGE_STANDARD = gnu11;
				GCC_NO_COMMON_BLOCKS = YES;
				GCC_WARN_64_TO_32_BIT_CONVERSION = YES;
				GCC_WARN_ABOUT_RETURN_TYPE = YES_ERROR;
				GCC_WARN_UNDECLARED_SELECTOR = YES;
				GCC_WARN_UNINITIALIZED_AUTOS = YES_AGGRESSIVE;
				GCC_WARN_UNUSED_FUNCTION = YES;
				GCC_WARN_UNUSED_VARIABLE = YES;
				IPHONEOS_DEPLOYMENT_TARGET = 11.2;
				MTL_ENABLE_DEBUG_INFO = NO;
				SDKROOT = iphoneos;
				SWIFT_OPTIMIZATION_LEVEL = "-Owholemodule";
				VALIDATE_PRODUCT = YES;
			};
			name = Release;
		};
		A4789C55227EC35D00614637 /* Debug */ = {
			isa = XCBuildConfiguration;
			buildSettings = {
				ASSETCATALOG_COMPILER_APPICON_NAME = AppIcon;
				CODE_SIGN_STYLE = Automatic;
				INFOPLIST_FILE = "Mars Rover/Info.plist";
				LD_RUNPATH_SEARCH_PATHS = "$(inherited) @executable_path/Frameworks";
				PRODUCT_BUNDLE_IDENTIFIER = "com.nasa.Mars-Rover";
				PRODUCT_NAME = "$(TARGET_NAME)";
				SWIFT_VERSION = 4.0;
				TARGETED_DEVICE_FAMILY = "1,2";
			};
			name = Debug;
		};
		A4789C56227EC35D00614637 /* Release */ = {
			isa = XCBuildConfiguration;
			buildSettings = {
				ASSETCATALOG_COMPILER_APPICON_NAME = AppIcon;
				CODE_SIGN_STYLE = Automatic;
				INFOPLIST_FILE = "Mars Rover/Info.plist";
				LD_RUNPATH_SEARCH_PATHS = "$(inherited) @executable_path/Frameworks";
				PRODUCT_BUNDLE_IDENTIFIER = "com.nasa.Mars-Rover";
				PRODUCT_NAME = "$(TARGET_NAME)";
				SWIFT_VERSION = 4.0;
				TARGETED_DEVICE_FAMILY = "1,2";
			};
			name = Release;
		};
		A4789C58227EC35D00614637 /* Debug */ = {
			isa = XCBuildConfiguration;
			buildSettings = {
				ALWAYS_EMBED_SWIFT_STANDARD_LIBRARIES = YES;
				BUNDLE_LOADER = "$(TEST_HOST)";
				CODE_SIGN_STYLE = Automatic;
				INFOPLIST_FILE = "Mars RoverTests/Info.plist";
				LD_RUNPATH_SEARCH_PATHS = "$(inherited) @executable_path/Frameworks @loader_path/Frameworks";
				PRODUCT_BUNDLE_IDENTIFIER = "com.nasa.Mars-RoverTests";
				PRODUCT_NAME = "$(TARGET_NAME)";
				SWIFT_VERSION = 4.0;
				TARGETED_DEVICE_FAMILY = "1,2";
				TEST_HOST = "$(BUILT_PRODUCTS_DIR)/Mars Rover.app/Mars Rover";
			};
			name = Debug;
		};
		A4789C59227EC35D00614637 /* Release */ = {
			isa = XCBuildConfiguration;
			buildSettings = {
				ALWAYS_EMBED_SWIFT_STANDARD_LIBRARIES = YES;
				BUNDLE_LOADER = "$(TEST_HOST)";
				CODE_SIGN_STYLE = Automatic;
				INFOPLIST_FILE = "Mars RoverTests/Info.plist";
				LD_RUNPATH_SEARCH_PATHS = "$(inherited) @executable_path/Frameworks @loader_path/Frameworks";
				PRODUCT_BUNDLE_IDENTIFIER = "com.nasa.Mars-RoverTests";
				PRODUCT_NAME = "$(TARGET_NAME)";
				SWIFT_VERSION = 4.0;
				TARGETED_DEVICE_FAMILY = "1,2";
				TEST_HOST = "$(BUILT_PRODUCTS_DIR)/Mars Rover.app/Mars Rover";
			};
			name = Release;
		};
/* End XCBuildConfiguration section */

/* Begin XCConfigurationList section */
		A4789C32227EC35D00614637 /* Build configuration list for PBXProject "Mars Rover" */ = {
			isa = XCConfigurationList;
			buildConfigurations = (
				A4789C52227EC35D00614637 /* Debug */,
				A4789C53227EC35D00614637 /* Release */,
			);
			defaultConfigurationIsVisible = 0;
			defaultConfigurationName = Release;
		};
		A4789C54227EC35D00614637 /* Build configuration list for PBXNativeTarget "Mars Rover" */ = {
			isa = XCConfigurationList;
			buildConfigurations = (
				A4789C55227EC35D00614637 /* Debug */,
				A4789C56227EC35D00614637 /* Release */,
			);
			defaultConfigurationIsVisible = 0;
			defaultConfigurationName = Release;
		};
		A4789C57227EC35D00614637 /* Build configuration list for PBXNativeTarget "Mars RoverTests" */ = {
			isa = XCConfigurationList;
			buildConfigurations = (
				A4789C58227EC35D00614637 /* Debug */,
				A4789C59227EC35D00614637 /* Release */,
			);
			defaultConfigurationIsVisible = 0;
			defaultConfigurationName = Release;
		};
/* End XCConfigurationList section */
	};
	rootObject = A4789C2F227EC35D00614637 /* Project object */;
}
